
Microsoft Visual Studio Solution File, Format Version 12.00
# Visual Studio Version 17
VisualStudioVersion = 17.14.36623.8 d17.14
MinimumVisualStudioVersion = 10.0.40219.1
Project("{888888A0-9F3D-457C-B088-3A5042F75D52}") = "La Bataille", "La Bataille\La Bataille.pyproj", "{748E7935-5780-4A71-995E-5B0E2D8C4AE1}"
EndProject
Global
	GlobalSection(SolutionConfigurationPlatforms) = preSolution
		Debug|Any CPU = Debug|Any CPU
		Release|Any CPU = Release|Any CPU
	EndGlobalSection
	GlobalSection(ProjectConfigurationPlatforms) = postSolution
		{748E7935-5780-4A71-995E-5B0E2D8C4AE1}.Debug|Any CPU.ActiveCfg = Debug|Any CPU
		{748E7935-5780-4A71-995E-5B0E2D8C4AE1}.Release|Any CPU.ActiveCfg = Release|Any CPU
	EndGlobalSection
	GlobalSection(SolutionProperties) = preSolution
		HideSolutionNode = FALSE
	EndGlobalSection
	GlobalSection(ExtensibilityGlobals) = postSolution
		SolutionGuid = {A2C0FA81-3B30-45E9-A6B4-2F9A5F470A9B}
	EndGlobalSection
EndGlobal
